
Microsoft Visual Studio Solution File, Format Version 12.00
# Visual Studio Version 16
VisualStudioVersion = 16.0.30717.126
MinimumVisualStudioVersion = 10.0.40219.1
Project("{FAE04EC0-301F-11D3-BF4B-00C04F79EFBC}") = "AVL_Tree", "AVL_Tree.csproj", "{916DB8DA-ED56-42A3-8582-2D95F9B01DAC}"
EndProject
Global
	GlobalSection(SolutionConfigurationPlatforms) = preSolution
		Debug|Any CPU = Debug|Any CPU
		Release|Any CPU = Release|Any CPU
	EndGlobalSection
	GlobalSection(ProjectConfigurationPlatforms) = postSolution
		{916DB8DA-ED56-42A3-8582-2D95F9B01DAC}.Debug|Any CPU.ActiveCfg = Debug|Any CPU
		{916DB8DA-ED56-42A3-8582-2D95F9B01DAC}.Debug|Any CPU.Build.0 = Debug|Any CPU
		{916DB8DA-ED56-42A3-8582-2D95F9B01DAC}.Release|Any CPU.ActiveCfg = Release|Any CPU
		{916DB8DA-ED56-42A3-8582-2D95F9B01DAC}.Release|Any CPU.Build.0 = Release|Any CPU
	EndGlobalSection
	GlobalSection(SolutionProperties) = preSolution
		HideSolutionNode = FALSE
	EndGlobalSection
	GlobalSection(ExtensibilityGlobals) = postSolution
		SolutionGuid = {03E72185-8BF9-49C6-ACCC-722FEC502AD8}
	EndGlobalSection
EndGlobal
